Microsoft Visual Studio Solution File, Format Version 12.00
# Visual Studio Version 17
VisualStudioVersion = 17.5.2.0
MinimumVisualStudioVersion = 10.0.40219.1
Project("{FAE04EC0-301F-11D3-BF4B-00C04F79EFBC}") = "SmartDocValidation", "SmartDocValidation\SmartDocValidation.csproj", "{B4866516-B01A-7050-2C30-B3A1B2D69ED8}"
EndProject
Global
	GlobalSection(SolutionConfigurationPlatforms) = preSolution
		Debug|Any CPU = Debug|Any CPU
		Release|Any CPU = Release|Any CPU
	EndGlobalSection
	GlobalSection(ProjectConfigurationPlatforms) = postSolution
		{B4866516-B01A-7050-2C30-B3A1B2D69ED8}.Debug|Any CPU.ActiveCfg = Debug|Any CPU
		{B4866516-B01A-7050-2C30-B3A1B2D69ED8}.Debug|Any CPU.Build.0 = Debug|Any CPU
		{B4866516-B01A-7050-2C30-B3A1B2D69ED8}.Release|Any CPU.ActiveCfg = Release|Any CPU
		{B4866516-B01A-7050-2C30-B3A1B2D69ED8}.Release|Any CPU.Build.0 = Release|Any CPU
	EndGlobalSection
	GlobalSection(SolutionProperties) = preSolution
		HideSolutionNode = FALSE
	EndGlobalSection
	GlobalSection(ExtensibilityGlobals) = postSolution
		SolutionGuid = {26A896F3-FDD9-4B8F-9497-5D6E47CD6EB4}
	EndGlobalSection
EndGlobal
